// !$*UTF8*$!
{
	archiveVersion = 1;
	classes = {
	};
	objectVersion = 50;
	objects = {

/* Begin PBXBuildFile section */
		D89124E221E7A97500B77D0C /* GenerateQRcode.swift in Sources */ = {isa = PBXBuildFile; fileRef = D89124E121E7A97500B77D0C /* GenerateQRcode.swift */; };
		D89124E421E7AEA100B77D0C /* FicheAdhérent.swift in Sources */ = {isa = PBXBuildFile; fileRef = D89124E321E7AEA100B77D0C /* FicheAdhérent.swift */; };
		D8E7DAA421E54DD200A3E420 /* AppDelegate.swift in Sources */ = {isa = PBXBuildFile; fileRef = D8E7DAA321E54DD200A3E420 /* AppDelegate.swift */; };
		D8E7DAA621E54DD200A3E420 /* MaFiche.swift in Sources */ = {isa = PBXBuildFile; fileRef = D8E7DAA521E54DD200A3E420 /* MaFiche.swift */; };
		D8E7DAA921E54DD300A3E420 /* Main.storyboard in Resources */ = {isa = PBXBuildFile; fileRef = D8E7DAA721E54DD300A3E420 /* Main.storyboard */; };
		D8E7DAAB21E54DDD00A3E420 /* Assets.xcassets in Resources */ = {isa = PBXBuildFile; fileRef = D8E7DAAA21E54DDD00A3E420 /* Assets.xcassets */; };
		D8E7DAAE21E54DDD00A3E420 /* LaunchScreen.storyboard in Resources */ = {isa = PBXBuildFile; fileRef = D8E7DAAC21E54DDD00A3E420 /* LaunchScreen.storyboard */; };
		D8E7DAB921E54DDD00A3E420 /* A2LTests.swift in Sources */ = {isa = PBXBuildFile; fileRef = D8E7DAB821E54DDD00A3E420 /* A2LTests.swift */; };
		D8E7DAC421E54DDD00A3E420 /* A2LUITests.swift in Sources */ = {isa = PBXBuildFile; fileRef = D8E7DAC321E54DDD00A3E420 /* A2LUITests.swift */; };
		D8E7DAD521E557E100A3E420 /* QRCode.swift in Sources */ = {isa = PBXBuildFile; fileRef = D8E7DAD421E557E100A3E420 /* QRCode.swift */; };
		D8E7DAD921E6340700A3E420 /* Réglages.swift in Sources */ = {isa = PBXBuildFile; fileRef = D8E7DAD821E6340700A3E420 /* Réglages.swift */; };
		D8E7DADB21E6409A00A3E420 /* ListeAdherents.swift in Sources */ = {isa = PBXBuildFile; fileRef = D8E7DADA21E6409A00A3E420 /* ListeAdherents.swift */; };
		D8E7DADE21E64C5400A3E420 /* CustomCellTableView.swift in Sources */ = {isa = PBXBuildFile; fileRef = D8E7DADD21E64C5400A3E420 /* CustomCellTableView.swift */; };
		D8E7DAE021E65EAB00A3E420 /* TabBarController.swift in Sources */ = {isa = PBXBuildFile; fileRef = D8E7DADF21E65EAB00A3E420 /* TabBarController.swift */; };
		D8E7DAE221E6726300A3E420 /* ScannerDeQRCode.swift in Sources */ = {isa = PBXBuildFile; fileRef = D8E7DAE121E6726300A3E420 /* ScannerDeQRCode.swift */; };
		D8FCBA5621EBA35B0027949C /* QRCodeData.swift in Sources */ = {isa = PBXBuildFile; fileRef = D8FCBA5521EBA35B0027949C /* QRCodeData.swift */; };
/* End PBXBuildFile section */

/* Begin PBXContainerItemProxy section */
		D8E7DAB521E54DDD00A3E420 /* PBXContainerItemProxy */ = {
			isa = PBXContainerItemProxy;
			containerPortal = D8E7DA9821E54DD200A3E420 /* Project object */;
			proxyType = 1;
			remoteGlobalIDString = D8E7DA9F21E54DD200A3E420;
			remoteInfo = A2L;
		};
		D8E7DAC021E54DDD00A3E420 /* PBXContainerItemProxy */ = {
			isa = PBXContainerItemProxy;
			containerPortal = D8E7DA9821E54DD200A3E420 /* Project object */;
			proxyType = 1;
			remoteGlobalIDString = D8E7DA9F21E54DD200A3E420;
			remoteInfo = A2L;
		};
/* End PBXContainerItemProxy section */

/* Begin PBXFileReference section */
		D89124E121E7A97500B77D0C /* GenerateQRcode.swift */ = {isa = PBXFileReference; lastKnownFileType = sourcecode.swift; path = GenerateQRcode.swift; sourceTree = "<group>"; };
		D89124E321E7AEA100B77D0C /* FicheAdhérent.swift */ = {isa = PBXFileReference; lastKnownFileType = sourcecode.swift; path = "FicheAdhérent.swift"; sourceTree = "<group>"; };
		D8E7DAA021E54DD200A3E420 /* A2L.app */ = {isa = PBXFileReference; explicitFileType = wrapper.application; includeInIndex = 0; path = A2L.app; sourceTree = BUILT_PRODUCTS_DIR; };
		D8E7DAA321E54DD200A3E420 /* AppDelegate.swift */ = {isa = PBXFileReference; lastKnownFileType = sourcecode.swift; path = AppDelegate.swift; sourceTree = "<group>"; };
		D8E7DAA521E54DD200A3E420 /* MaFiche.swift */ = {isa = PBXFileReference; lastKnownFileType = sourcecode.swift; path = MaFiche.swift; sourceTree = "<group>"; };
		D8E7DAA821E54DD300A3E420 /* Base */ = {isa = PBXFileReference; lastKnownFileType = file.storyboard; name = Base; path = Base.lproj/Main.storyboard; sourceTree = "<group>"; };
		D8E7DAAA21E54DDD00A3E420 /* Assets.xcassets */ = {isa = PBXFileReference; lastKnownFileType = folder.assetcatalog; path = Assets.xcassets; sourceTree = "<group>"; };
		D8E7DAAD21E54DDD00A3E420 /* Base */ = {isa = PBXFileReference; lastKnownFileType = file.storyboard; name = Base; path = Base.lproj/LaunchScreen.storyboard; sourceTree = "<group>"; };
		D8E7DAAF21E54DDD00A3E420 /* Info.plist */ = {isa = PBXFileReference; lastKnownFileType = text.plist.xml; path = Info.plist; sourceTree = "<group>"; };
		D8E7DAB421E54DDD00A3E420 /* A2LTests.xctest */ = {isa = PBXFileReference; explicitFileType = wrapper.cfbundle; includeInIndex = 0; path = A2LTests.xctest; sourceTree = BUILT_PRODUCTS_DIR; };
		D8E7DAB821E54DDD00A3E420 /* A2LTests.swift */ = {isa = PBXFileReference; lastKnownFileType = sourcecode.swift; path = A2LTests.swift; sourceTree = "<group>"; };
		D8E7DABA21E54DDD00A3E420 /* Info.plist */ = {isa = PBXFileReference; lastKnownFileType = text.plist.xml; path = Info.plist; sourceTree = "<group>"; };
		D8E7DABF21E54DDD00A3E420 /* A2LUITests.xctest */ = {isa = PBXFileReference; explicitFileType = wrapper.cfbundle; includeInIndex = 0; path = A2LUITests.xctest; sourceTree = BUILT_PRODUCTS_DIR; };
		D8E7DAC321E54DDD00A3E420 /* A2LUITests.swift */ = {isa = PBXFileReference; lastKnownFileType = sourcecode.swift; path = A2LUITests.swift; sourceTree = "<group>"; };
		D8E7DAC521E54DDD00A3E420 /* Info.plist */ = {isa = PBXFileReference; lastKnownFileType = text.plist.xml; path = Info.plist; sourceTree = "<group>"; };
		D8E7DAD421E557E100A3E420 /* QRCode.swift */ = {isa = PBXFileReference; lastKnownFileType = sourcecode.swift; path = QRCode.swift; sourceTree = "<group>"; };
		D8E7DAD821E6340700A3E420 /* Réglages.swift */ = {isa = PBXFileReference; lastKnownFileType = sourcecode.swift; path = "Réglages.swift"; sourceTree = "<group>"; };
		D8E7DADA21E6409A00A3E420 /* ListeAdherents.swift */ = {isa = PBXFileReference; lastKnownFileType = sourcecode.swift; path = ListeAdherents.swift; sourceTree = "<group>"; };
		D8E7DADD21E64C5400A3E420 /* CustomCellTableView.swift */ = {isa = PBXFileReference; lastKnownFileType = sourcecode.swift; path = CustomCellTableView.swift; sourceTree = "<group>"; };
		D8E7DADF21E65EAB00A3E420 /* TabBarController.swift */ = {isa = PBXFileReference; fileEncoding = 4; lastKnownFileType = sourcecode.swift; path = TabBarController.swift; sourceTree = "<group>"; };
		D8E7DAE121E6726300A3E420 /* ScannerDeQRCode.swift */ = {isa = PBXFileReference; lastKnownFileType = sourcecode.swift; path = ScannerDeQRCode.swift; sourceTree = "<group>"; };
		D8FCBA5521EBA35B0027949C /* QRCodeData.swift */ = {isa = PBXFileReference; lastKnownFileType = sourcecode.swift; path = QRCodeData.swift; sourceTree = "<group>"; };
/* End PBXFileReference section */

/* Begin PBXFrameworksBuildPhase section */
		D8E7DA9D21E54DD200A3E420 /* Frameworks */ = {
			isa = PBXFrameworksBuildPhase;
			buildActionMask = 2147483647;
			files = (
			);
			runOnlyForDeploymentPostprocessing = 0;
		};
		D8E7DAB121E54DDD00A3E420 /* Frameworks */ = {
			isa = PBXFrameworksBuildPhase;
			buildActionMask = 2147483647;
			files = (
			);
			runOnlyForDeploymentPostprocessing = 0;
		};
		D8E7DABC21E54DDD00A3E420 /* Frameworks */ = {
			isa = PBXFrameworksBuildPhase;
			buildActionMask = 2147483647;
			files = (
			);
			runOnlyForDeploymentPostprocessing = 0;
		};
/* End PBXFrameworksBuildPhase section */

/* Begin PBXGroup section */
		D8E7DA9721E54DD200A3E420 = {
			isa = PBXGroup;
			children = (
				D8E7DAA221E54DD200A3E420 /* A2L */,
				D8E7DAB721E54DDD00A3E420 /* A2LTests */,
				D8E7DAC221E54DDD00A3E420 /* A2LUITests */,
				D8E7DAA121E54DD200A3E420 /* Products */,
			);
			sourceTree = "<group>";
		};
		D8E7DAA121E54DD200A3E420 /* Products */ = {
			isa = PBXGroup;
			children = (
				D8E7DAA021E54DD200A3E420 /* A2L.app */,
				D8E7DAB421E54DDD00A3E420 /* A2LTests.xctest */,
				D8E7DABF21E54DDD00A3E420 /* A2LUITests.xctest */,
			);
			name = Products;
			sourceTree = "<group>";
		};
		D8E7DAA221E54DD200A3E420 /* A2L */ = {
			isa = PBXGroup;
			children = (
				D8FCBA5421EBA3180027949C /* GestionDeDonnée */,
				D8E7DADC21E64C4100A3E420 /* Style */,
				D8E7DAD121E54E8E00A3E420 /* ViewController */,
				D8E7DAA321E54DD200A3E420 /* AppDelegate.swift */,
				D8E7DAA721E54DD300A3E420 /* Main.storyboard */,
				D8E7DAAA21E54DDD00A3E420 /* Assets.xcassets */,
				D8E7DAAC21E54DDD00A3E420 /* LaunchScreen.storyboard */,
				D8E7DAAF21E54DDD00A3E420 /* Info.plist */,
			);
			path = A2L;
			sourceTree = "<group>";
		};
		D8E7DAB721E54DDD00A3E420 /* A2LTests */ = {
			isa = PBXGroup;
			children = (
				D8E7DAB821E54DDD00A3E420 /* A2LTests.swift */,
				D8E7DABA21E54DDD00A3E420 /* Info.plist */,
			);
			path = A2LTests;
			sourceTree = "<group>";
		};
		D8E7DAC221E54DDD00A3E420 /* A2LUITests */ = {
			isa = PBXGroup;
			children = (
				D8E7DAC321E54DDD00A3E420 /* A2LUITests.swift */,
				D8E7DAC521E54DDD00A3E420 /* Info.plist */,
			);
			path = A2LUITests;
			sourceTree = "<group>";
		};
		D8E7DAD121E54E8E00A3E420 /* ViewController */ = {
			isa = PBXGroup;
			children = (
				D8E7DAA521E54DD200A3E420 /* MaFiche.swift */,
				D8E7DAD421E557E100A3E420 /* QRCode.swift */,
				D8E7DAD821E6340700A3E420 /* Réglages.swift */,
				D8E7DADA21E6409A00A3E420 /* ListeAdherents.swift */,
				D8E7DADF21E65EAB00A3E420 /* TabBarController.swift */,
				D8E7DAE121E6726300A3E420 /* ScannerDeQRCode.swift */,
				D89124E321E7AEA100B77D0C /* FicheAdhérent.swift */,
			);
			path = ViewController;
			sourceTree = "<group>";
		};
		D8E7DADC21E64C4100A3E420 /* Style */ = {
			isa = PBXGroup;
			children = (
				D8E7DADD21E64C5400A3E420 /* CustomCellTableView.swift */,
				D89124E121E7A97500B77D0C /* GenerateQRcode.swift */,
			);
			path = Style;
			sourceTree = "<group>";
		};
		D8FCBA5421EBA3180027949C /* GestionDeDonnée */ = {
			isa = PBXGroup;
			children = (
				D8FCBA5521EBA35B0027949C /* QRCodeData.swift */,
			);
			name = "GestionDeDonnée";
			path = "GestionDeDonnée";
			sourceTree = "<group>";
		};
/* End PBXGroup section */

/* Begin PBXNativeTarget section */
		D8E7DA9F21E54DD200A3E420 /* A2L */ = {
			isa = PBXNativeTarget;
			buildConfigurationList = D8E7DAC821E54DDD00A3E420 /* Build configuration list for PBXNativeTarget "A2L" */;
			buildPhases = (
				D8E7DA9C21E54DD200A3E420 /* Sources */,
				D8E7DA9D21E54DD200A3E420 /* Frameworks */,
				D8E7DA9E21E54DD200A3E420 /* Resources */,
			);
			buildRules = (
			);
			dependencies = (
			);
			name = A2L;
			productName = A2L;
			productReference = D8E7DAA021E54DD200A3E420 /* A2L.app */;
			productType = "com.apple.product-type.application";
		};
		D8E7DAB321E54DDD00A3E420 /* A2LTests */ = {
			isa = PBXNativeTarget;
			buildConfigurationList = D8E7DACB21E54DDD00A3E420 /* Build configuration list for PBXNativeTarget "A2LTests" */;
			buildPhases = (
				D8E7DAB021E54DDD00A3E420 /* Sources */,
				D8E7DAB121E54DDD00A3E420 /* Frameworks */,
				D8E7DAB221E54DDD00A3E420 /* Resources */,
			);
			buildRules = (
			);
			dependencies = (
				D8E7DAB621E54DDD00A3E420 /* PBXTargetDependency */,
			);
			name = A2LTests;
			productName = A2LTests;
			productReference = D8E7DAB421E54DDD00A3E420 /* A2LTests.xctest */;
			productType = "com.apple.product-type.bundle.unit-test";
		};
		D8E7DABE21E54DDD00A3E420 /* A2LUITests */ = {
			isa = PBXNativeTarget;
			buildConfigurationList = D8E7DACE21E54DDD00A3E420 /* Build configuration list for PBXNativeTarget "A2LUITests" */;
			buildPhases = (
				D8E7DABB21E54DDD00A3E420 /* Sources */,
				D8E7DABC21E54DDD00A3E420 /* Frameworks */,
				D8E7DABD21E54DDD00A3E420 /* Resources */,
			);
			buildRules = (
			);
			dependencies = (
				D8E7DAC121E54DDD00A3E420 /* PBXTargetDependency */,
			);
			name = A2LUITests;
			productName = A2LUITests;
			productReference = D8E7DABF21E54DDD00A3E420 /* A2LUITests.xctest */;
			productType = "com.apple.product-type.bundle.ui-testing";
		};
/* End PBXNativeTarget section */

/* Begin PBXProject section */
		D8E7DA9821E54DD200A3E420 /* Project object */ = {
			isa = PBXProject;
			attributes = {
				LastSwiftUpdateCheck = 1010;
				LastUpgradeCheck = 1010;
				ORGANIZATIONNAME = Nathan;
				TargetAttributes = {
					D8E7DA9F21E54DD200A3E420 = {
						CreatedOnToolsVersion = 10.1;
					};
					D8E7DAB321E54DDD00A3E420 = {
						CreatedOnToolsVersion = 10.1;
						TestTargetID = D8E7DA9F21E54DD200A3E420;
					};
					D8E7DABE21E54DDD00A3E420 = {
						CreatedOnToolsVersion = 10.1;
						TestTargetID = D8E7DA9F21E54DD200A3E420;
					};
				};
			};
			buildConfigurationList = D8E7DA9B21E54DD200A3E420 /* Build configuration list for PBXProject "A2L" */;
			compatibilityVersion = "Xcode 9.3";
			developmentRegion = en;
			hasScannedForEncodings = 0;
			knownRegions = (
				en,
				Base,
			);
			mainGroup = D8E7DA9721E54DD200A3E420;
			productRefGroup = D8E7DAA121E54DD200A3E420 /* Products */;
			projectDirPath = "";
			projectRoot = "";
			targets = (
				D8E7DA9F21E54DD200A3E420 /* A2L */,
				D8E7DAB321E54DDD00A3E420 /* A2LTests */,
				D8E7DABE21E54DDD00A3E420 /* A2LUITests */,
			);
		};
/* End PBXProject section */

/* Begin PBXResourcesBuildPhase section */
		D8E7DA9E21E54DD200A3E420 /* Resources */ = {
			isa = PBXResourcesBuildPhase;
			buildActionMask = 2147483647;
			files = (
				D8E7DAAE21E54DDD00A3E420 /* LaunchScreen.storyboard in Resources */,
				D8E7DAAB21E54DDD00A3E420 /* Assets.xcassets in Resources */,
				D8E7DAA921E54DD300A3E420 /* Main.storyboard in Resources */,
			);
			runOnlyForDeploymentPostprocessing = 0;
		};
		D8E7DAB221E54DDD00A3E420 /* Resources */ = {
			isa = PBXResourcesBuildPhase;
			buildActionMask = 2147483647;
			files = (
			);
			runOnlyForDeploymentPostprocessing = 0;
		};
		D8E7DABD21E54DDD00A3E420 /* Resources */ = {
			isa = PBXResourcesBuildPhase;
			buildActionMask = 2147483647;
			files = (
			);
			runOnlyForDeploymentPostprocessing = 0;
		};
/* End PBXResourcesBuildPhase section */

/* Begin PBXSourcesBuildPhase section */
		D8E7DA9C21E54DD200A3E420 /* Sources */ = {
			isa = PBXSourcesBuildPhase;
			buildActionMask = 2147483647;
			files = (
				D8E7DAA621E54DD200A3E420 /* MaFiche.swift in Sources */,
				D8E7DAE021E65EAB00A3E420 /* TabBarController.swift in Sources */,
				D8E7DAD521E557E100A3E420 /* QRCode.swift in Sources */,
				D89124E221E7A97500B77D0C /* GenerateQRcode.swift in Sources */,
				D89124E421E7AEA100B77D0C /* FicheAdhérent.swift in Sources */,
				D8E7DADB21E6409A00A3E420 /* ListeAdherents.swift in Sources */,
				D8E7DAA421E54DD200A3E420 /* AppDelegate.swift in Sources */,
				D8FCBA5621EBA35B0027949C /* QRCodeData.swift in Sources */,
				D8E7DAD921E6340700A3E420 /* Réglages.swift in Sources */,
				D8E7DADE21E64C5400A3E420 /* CustomCellTableView.swift in Sources */,
				D8E7DAE221E6726300A3E420 /* ScannerDeQRCode.swift in Sources */,
			);
			runOnlyForDeploymentPostprocessing = 0;
		};
		D8E7DAB021E54DDD00A3E420 /* Sources */ = {
			isa = PBXSourcesBuildPhase;
			buildActionMask = 2147483647;
			files = (
				D8E7DAB921E54DDD00A3E420 /* A2LTests.swift in Sources */,
			);
			runOnlyForDeploymentPostprocessing = 0;
		};
		D8E7DABB21E54DDD00A3E420 /* Sources */ = {
			isa = PBXSourcesBuildPhase;
			buildActionMask = 2147483647;
			files = (
				D8E7DAC421E54DDD00A3E420 /* A2LUITests.swift in Sources */,
			);
			runOnlyForDeploymentPostprocessing = 0;
		};
/* End PBXSourcesBuildPhase section */

/* Begin PBXTargetDependency section */
		D8E7DAB621E54DDD00A3E420 /* PBXTargetDependency */ = {
			isa = PBXTargetDependency;
			target = D8E7DA9F21E54DD200A3E420 /* A2L */;
			targetProxy = D8E7DAB521E54DDD00A3E420 /* PBXContainerItemProxy */;
		};
		D8E7DAC121E54DDD00A3E420 /* PBXTargetDependency */ = {
			isa = PBXTargetDependency;
			target = D8E7DA9F21E54DD200A3E420 /* A2L */;
			targetProxy = D8E7DAC021E54DDD00A3E420 /* PBXContainerItemProxy */;
		};
/* End PBXTargetDependency section */

/* Begin PBXVariantGroup section */
		D8E7DAA721E54DD300A3E420 /* Main.storyboard */ = {
			isa = PBXVariantGroup;
			children = (
				D8E7DAA821E54DD300A3E420 /* Base */,
			);
			name = Main.storyboard;
			sourceTree = "<group>";
		};
		D8E7DAAC21E54DDD00A3E420 /* LaunchScreen.storyboard */ = {
			isa = PBXVariantGroup;
			children = (
				D8E7DAAD21E54DDD00A3E420 /* Base */,
			);
			name = LaunchScreen.storyboard;
			sourceTree = "<group>";
		};
/* End PBXVariantGroup section */

/* Begin XCBuildConfiguration section */
		D8E7DAC621E54DDD00A3E420 /* Debug */ = {
			isa = XCBuildConfiguration;
			buildSettings = {
				ALWAYS_SEARCH_USER_PATHS = NO;
				CLANG_ANALYZER_NONNULL = YES;
				CLANG_ANALYZER_NUMBER_OBJECT_CONVERSION = YES_AGGRESSIVE;
				CLANG_CXX_LANGUAGE_STANDARD = "gnu++14";
				CLANG_CXX_LIBRARY = "libc++";
				CLANG_ENABLE_MODULES = YES;
				CLANG_ENABLE_OBJC_ARC = YES;
				CLANG_ENABLE_OBJC_WEAK = YES;
				CLANG_WARN_BLOCK_CAPTURE_AUTORELEASING = YES;
				CLANG_WARN_BOOL_CONVERSION = YES;
				CLANG_WARN_COMMA = YES;
				CLANG_WARN_CONSTANT_CONVERSION = YES;
				CLANG_WARN_DEPRECATED_OBJC_IMPLEMENTATIONS = YES;
				CLANG_WARN_DIRECT_OBJC_ISA_USAGE = YES_ERROR;
				CLANG_WARN_DOCUMENTATION_COMMENTS = YES;
				CLANG_WARN_EMPTY_BODY = YES;
				CLANG_WARN_ENUM_CONVERSION = YES;
				CLANG_WARN_INFINITE_RECURSION = YES;
				CLANG_WARN_INT_CONVERSION = YES;
				CLANG_WARN_NON_LITERAL_NULL_CONVERSION = YES;
				CLANG_WARN_OBJC_IMPLICIT_RETAIN_SELF = YES;
				CLANG_WARN_OBJC_LITERAL_CONVERSION = YES;
				CLANG_WARN_OBJC_ROOT_CLASS = YES_ERROR;
				CLANG_WARN_RANGE_LOOP_ANALYSIS = YES;
				CLANG_WARN_STRICT_PROTOTYPES = YES;
				CLANG_WARN_SUSPICIOUS_MOVE = YES;
				CLANG_WARN_UNGUARDED_AVAILABILITY = YES_AGGRESSIVE;
				CLANG_WARN_UNREACHABLE_CODE = YES;
				CLANG_WARN__DUPLICATE_METHOD_MATCH = YES;
				CODE_SIGN_IDENTITY = "iPhone Developer";
				COPY_PHASE_STRIP = NO;
				DEBUG_INFORMATION_FORMAT = dwarf;
				ENABLE_STRICT_OBJC_MSGSEND = YES;
				ENABLE_TESTABILITY = YES;
				GCC_C_LANGUAGE_STANDARD = gnu11;
				GCC_DYNAMIC_NO_PIC = NO;
				GCC_NO_COMMON_BLOCKS = YES;
				GCC_OPTIMIZATION_LEVEL = 0;
				GCC_PREPROCESSOR_DEFINITIONS = (
					"DEBUG=1",
					"$(inherited)",
				);
				GCC_WARN_64_TO_32_BIT_CONVERSION = YES;
				GCC_WARN_ABOUT_RETURN_TYPE = YES_ERROR;
				GCC_WARN_UNDECLARED_SELECTOR = YES;
				GCC_WARN_UNINITIALIZED_AUTOS = YES_AGGRESSIVE;
				GCC_WARN_UNUSED_FUNCTION = YES;
				GCC_WARN_UNUSED_VARIABLE = YES;
				IPHONEOS_DEPLOYMENT_TARGET = 12.1;
				MTL_ENABLE_DEBUG_INFO = INCLUDE_SOURCE;
				MTL_FAST_MATH = YES;
				ONLY_ACTIVE_ARCH = YES;
				SDKROOT = iphoneos;
				SWIFT_ACTIVE_COMPILATION_CONDITIONS = DEBUG;
				SWIFT_OPTIMIZATION_LEVEL = "-Onone";
			};
			name = Debug;
		};
		D8E7DAC721E54DDD00A3E420 /* Release */ = {
			isa = XCBuildConfiguration;
			buildSettings = {
				ALWAYS_SEARCH_USER_PATHS = NO;
				CLANG_ANALYZER_NONNULL = YES;
				CLANG_ANALYZER_NUMBER_OBJECT_CONVERSION = YES_AGGRESSIVE;
				CLANG_CXX_LANGUAGE_STANDARD = "gnu++14";
				CLANG_CXX_LIBRARY = "libc++";
				CLANG_ENABLE_MODULES = YES;
				CLANG_ENABLE_OBJC_ARC = YES;
				CLANG_ENABLE_OBJC_WEAK = YES;
				CLANG_WARN_BLOCK_CAPTURE_AUTORELEASING = YES;
				CLANG_WARN_BOOL_CONVERSION = YES;
				CLANG_WARN_COMMA = YES;
				CLANG_WARN_CONSTANT_CONVERSION = YES;
				CLANG_WARN_DEPRECATED_OBJC_IMPLEMENTATIONS = YES;
				CLANG_WARN_DIRECT_OBJC_ISA_USAGE = YES_ERROR;
				CLANG_WARN_DOCUMENTATION_COMMENTS = YES;
				CLANG_WARN_EMPTY_BODY = YES;
				CLANG_WARN_ENUM_CONVERSION = YES;
				CLANG_WARN_INFINITE_RECURSION = YES;
				CLANG_WARN_INT_CONVERSION = YES;
				CLANG_WARN_NON_LITERAL_NULL_CONVERSION = YES;
				CLANG_WARN_OBJC_IMPLICIT_RETAIN_SELF = YES;
				CLANG_WARN_OBJC_LITERAL_CONVERSION = YES;
				CLANG_WARN_OBJC_ROOT_CLASS = YES_ERROR;
				CLANG_WARN_RANGE_LOOP_ANALYSIS = YES;
				CLANG_WARN_STRICT_PROTOTYPES = YES;
				CLANG_WARN_SUSPICIOUS_MOVE = YES;
				CLANG_WARN_UNGUARDED_AVAILABILITY = YES_AGGRESSIVE;
				CLANG_WARN_UNREACHABLE_CODE = YES;
				CLANG_WARN__DUPLICATE_METHOD_MATCH = YES;
				CODE_SIGN_IDENTITY = "iPhone Developer";
				COPY_PHASE_STRIP = NO;
				DEBUG_INFORMATION_FORMAT = "dwarf-with-dsym";
				ENABLE_NS_ASSERTIONS = NO;
				ENABLE_STRICT_OBJC_MSGSEND = YES;
				GCC_C_LANGUAGE_STANDARD = gnu11;
				GCC_NO_COMMON_BLOCKS = YES;
				GCC_WARN_64_TO_32_BIT_CONVERSION = YES;
				GCC_WARN_ABOUT_RETURN_TYPE = YES_ERROR;
				GCC_WARN_UNDECLARED_SELECTOR = YES;
				GCC_WARN_UNINITIALIZED_AUTOS = YES_AGGRESSIVE;
				GCC_WARN_UNUSED_FUNCTION = YES;
				GCC_WARN_UNUSED_VARIABLE = YES;
				IPHONEOS_DEPLOYMENT_TARGET = 12.1;
				MTL_ENABLE_DEBUG_INFO = NO;
				MTL_FAST_MATH = YES;
				SDKROOT = iphoneos;
				SWIFT_COMPILATION_MODE = wholemodule;
				SWIFT_OPTIMIZATION_LEVEL = "-O";
				VALIDATE_PRODUCT = YES;
			};
			name = Release;
		};
		D8E7DAC921E54DDD00A3E420 /* Debug */ = {
			isa = XCBuildConfiguration;
			buildSettings = {
				ASSETCATALOG_COMPILER_APPICON_NAME = AppIcon;
				CODE_SIGN_STYLE = Automatic;
				DEVELOPMENT_TEAM = 3T8JC8YTSR;
				INFOPLIST_FILE = A2L/Info.plist;
				LD_RUNPATH_SEARCH_PATHS = (
					"$(inherited)",
					"@executable_path/Frameworks",
				);
				PRODUCT_BUNDLE_IDENTIFIER = com.nat.A2L;
				PRODUCT_NAME = "$(TARGET_NAME)";
				SWIFT_VERSION = 4.2;
				TARGETED_DEVICE_FAMILY = "1,2";
			};
			name = Debug;
		};
		D8E7DACA21E54DDD00A3E420 /* Release */ = {
			isa = XCBuildConfiguration;
			buildSettings = {
				ASSETCATALOG_COMPILER_APPICON_NAME = AppIcon;
				CODE_SIGN_STYLE = Automatic;
				DEVELOPMENT_TEAM = 3T8JC8YTSR;
				INFOPLIST_FILE = A2L/Info.plist;
				LD_RUNPATH_SEARCH_PATHS = (
					"$(inherited)",
					"@executable_path/Frameworks",
				);
				PRODUCT_BUNDLE_IDENTIFIER = com.nat.A2L;
				PRODUCT_NAME = "$(TARGET_NAME)";
				SWIFT_VERSION = 4.2;
				TARGETED_DEVICE_FAMILY = "1,2";
			};
			name = Release;
		};
		D8E7DACC21E54DDD00A3E420 /* Debug */ = {
			isa = XCBuildConfiguration;
			buildSettings = {
				ALWAYS_EMBED_SWIFT_STANDARD_LIBRARIES = YES;
				BUNDLE_LOADER = "$(TEST_HOST)";
				CODE_SIGN_STYLE = Automatic;
				DEVELOPMENT_TEAM = 3T8JC8YTSR;
				INFOPLIST_FILE = A2LTests/Info.plist;
				LD_RUNPATH_SEARCH_PATHS = (
					"$(inherited)",
					"@executable_path/Frameworks",
					"@loader_path/Frameworks",
				);
				PRODUCT_BUNDLE_IDENTIFIER = com.nat.A2LTests;
				PRODUCT_NAME = "$(TARGET_NAME)";
				SWIFT_VERSION = 4.2;
				TARGETED_DEVICE_FAMILY = "1,2";
				TEST_HOST = "$(BUILT_PRODUCTS_DIR)/A2L.app/A2L";
			};
			name = Debug;
		};
		D8E7DACD21E54DDD00A3E420 /* Release */ = {
			isa = XCBuildConfiguration;
			buildSettings = {
				ALWAYS_EMBED_SWIFT_STANDARD_LIBRARIES = YES;
				BUNDLE_LOADER = "$(TEST_HOST)";
				CODE_SIGN_STYLE = Automatic;
				DEVELOPMENT_TEAM = 3T8JC8YTSR;
				INFOPLIST_FILE = A2LTests/Info.plist;
				LD_RUNPATH_SEARCH_PATHS = (
					"$(inherited)",
					"@executable_path/Frameworks",
					"@loader_path/Frameworks",
				);
				PRODUCT_BUNDLE_IDENTIFIER = com.nat.A2LTests;
				PRODUCT_NAME = "$(TARGET_NAME)";
				SWIFT_VERSION = 4.2;
				TARGETED_DEVICE_FAMILY = "1,2";
				TEST_HOST = "$(BUILT_PRODUCTS_DIR)/A2L.app/A2L";
			};
			name = Release;
		};
		D8E7DACF21E54DDD00A3E420 /* Debug */ = {
			isa = XCBuildConfiguration;
			buildSettings = {
				ALWAYS_EMBED_SWIFT_STANDARD_LIBRARIES = YES;
				CODE_SIGN_STYLE = Automatic;
				DEVELOPMENT_TEAM = 3T8JC8YTSR;
				INFOPLIST_FILE = A2LUITests/Info.plist;
				LD_RUNPATH_SEARCH_PATHS = (
					"$(inherited)",
					"@executable_path/Frameworks",
					"@loader_path/Frameworks",
				);
				PRODUCT_BUNDLE_IDENTIFIER = com.nat.A2LUITests;
				PRODUCT_NAME = "$(TARGET_NAME)";
				SWIFT_VERSION = 4.2;
				TARGETED_DEVICE_FAMILY = "1,2";
				TEST_TARGET_NAME = A2L;
			};
			name = Debug;
		};
		D8E7DAD021E54DDD00A3E420 /* Release */ = {
			isa = XCBuildConfiguration;
			buildSettings = {
				ALWAYS_EMBED_SWIFT_STANDARD_LIBRARIES = YES;
				CODE_SIGN_STYLE = Automatic;
				DEVELOPMENT_TEAM = 3T8JC8YTSR;
				INFOPLIST_FILE = A2LUITests/Info.plist;
				LD_RUNPATH_SEARCH_PATHS = (
					"$(inherited)",
					"@executable_path/Frameworks",
					"@loader_path/Frameworks",
				);
				PRODUCT_BUNDLE_IDENTIFIER = com.nat.A2LUITests;
				PRODUCT_NAME = "$(TARGET_NAME)";
				SWIFT_VERSION = 4.2;
				TARGETED_DEVICE_FAMILY = "1,2";
				TEST_TARGET_NAME = A2L;
			};
			name = Release;
		};
/* End XCBuildConfiguration section */

/* Begin XCConfigurationList section */
		D8E7DA9B21E54DD200A3E420 /* Build configuration list for PBXProject "A2L" */ = {
			isa = XCConfigurationList;
			buildConfigurations = (
				D8E7DAC621E54DDD00A3E420 /* Debug */,
				D8E7DAC721E54DDD00A3E420 /* Release */,
			);
			defaultConfigurationIsVisible = 0;
			defaultConfigurationName = Release;
		};
		D8E7DAC821E54DDD00A3E420 /* Build configuration list for PBXNativeTarget "A2L" */ = {
			isa = XCConfigurationList;
			buildConfigurations = (
				D8E7DAC921E54DDD00A3E420 /* Debug */,
				D8E7DACA21E54DDD00A3E420 /* Release */,
			);
			defaultConfigurationIsVisible = 0;
			defaultConfigurationName = Release;
		};
		D8E7DACB21E54DDD00A3E420 /* Build configuration list for PBXNativeTarget "A2LTests" */ = {
			isa = XCConfigurationList;
			buildConfigurations = (
				D8E7DACC21E54DDD00A3E420 /* Debug */,
				D8E7DACD21E54DDD00A3E420 /* Release */,
			);
			defaultConfigurationIsVisible = 0;
			defaultConfigurationName = Release;
		};
		D8E7DACE21E54DDD00A3E420 /* Build configuration list for PBXNativeTarget "A2LUITests" */ = {
			isa = XCConfigurationList;
			buildConfigurations = (
				D8E7DACF21E54DDD00A3E420 /* Debug */,
				D8E7DAD021E54DDD00A3E420 /* Release */,
			);
			defaultConfigurationIsVisible = 0;
			defaultConfigurationName = Release;
		};
/* End XCConfigurationList section */
	};
	rootObject = D8E7DA9821E54DD200A3E420 /* Project object */;
}
